// !$*UTF8*$!
{
	archiveVersion = 1;
	classes = {
	};
	objectVersion = 48;
	objects = {

/* Begin PBXBuildFile section */
		A074983E2128C84D006E8916 /* AppDelegate.swift in Sources */ = {isa = PBXBuildFile; fileRef = A074983D2128C84D006E8916 /* AppDelegate.swift */; };
		A07498402128C84D006E8916 /* ViewController.swift in Sources */ = {isa = PBXBuildFile; fileRef = A074983F2128C84D006E8916 /* ViewController.swift */; };
		A07498432128C84D006E8916 /* Main.storyboard in Resources */ = {isa = PBXBuildFile; fileRef = A07498412128C84D006E8916 /* Main.storyboard */; };
		A07498452128C84D006E8916 /* Assets.xcassets in Resources */ = {isa = PBXBuildFile; fileRef = A07498442128C84D006E8916 /* Assets.xcassets */; };
		A07498482128C84D006E8916 /* LaunchScreen.storyboard in Resources */ = {isa = PBXBuildFile; fileRef = A07498462128C84D006E8916 /* LaunchScreen.storyboard */; };
		A07498502128CC75006E8916 /* Transit-Bold.ttf in Resources */ = {isa = PBXBuildFile; fileRef = A074984F2128CC74006E8916 /* Transit-Bold.ttf */; };
		A07498532128CCEE006E8916 /* Transit-Normal.ttf in Resources */ = {isa = PBXBuildFile; fileRef = A07498522128CCEE006E8916 /* Transit-Normal.ttf */; };
		A07498552128CD02006E8916 /* Transit-Normal-Italic.ttf in Resources */ = {isa = PBXBuildFile; fileRef = A07498542128CD02006E8916 /* Transit-Normal-Italic.ttf */; };
		A07498572128CD0F006E8916 /* Transit-Black.ttf in Resources */ = {isa = PBXBuildFile; fileRef = A07498562128CD0F006E8916 /* Transit-Black.ttf */; };
		A07498592128CD1B006E8916 /* Transit-Bold-Italic.ttf in Resources */ = {isa = PBXBuildFile; fileRef = A07498582128CD1B006E8916 /* Transit-Bold-Italic.ttf */; };
		A074985C2128DEC6006E8916 /* StartViewController.swift in Sources */ = {isa = PBXBuildFile; fileRef = A074985B2128DEC6006E8916 /* StartViewController.swift */; };
		A07498602128DF22006E8916 /* ChooseViewController.swift in Sources */ = {isa = PBXBuildFile; fileRef = A074985F2128DF22006E8916 /* ChooseViewController.swift */; };
		A07498622128DF2E006E8916 /* ResultViewController.swift in Sources */ = {isa = PBXBuildFile; fileRef = A07498612128DF2E006E8916 /* ResultViewController.swift */; };
		A07498642128DF35006E8916 /* EndViewController.swift in Sources */ = {isa = PBXBuildFile; fileRef = A07498632128DF35006E8916 /* EndViewController.swift */; };
		A07498902128E5FC006E8916 /* IconData.swift in Sources */ = {isa = PBXBuildFile; fileRef = A074988F2128E5FC006E8916 /* IconData.swift */; };
		A07498922128EC4D006E8916 /* FalseViewController.swift in Sources */ = {isa = PBXBuildFile; fileRef = A07498912128EC4D006E8916 /* FalseViewController.swift */; };
/* End PBXBuildFile section */

/* Begin PBXFileReference section */
		A074983A2128C84D006E8916 /* PictoGuessr.app */ = {isa = PBXFileReference; explicitFileType = wrapper.application; includeInIndex = 0; path = PictoGuessr.app; sourceTree = BUILT_PRODUCTS_DIR; };
		A074983D2128C84D006E8916 /* AppDelegate.swift */ = {isa = PBXFileReference; lastKnownFileType = sourcecode.swift; path = AppDelegate.swift; sourceTree = "<group>"; };
		A074983F2128C84D006E8916 /* ViewController.swift */ = {isa = PBXFileReference; lastKnownFileType = sourcecode.swift; path = ViewController.swift; sourceTree = "<group>"; };
		A07498422128C84D006E8916 /* Base */ = {isa = PBXFileReference; lastKnownFileType = file.storyboard; name = Base; path = Base.lproj/Main.storyboard; sourceTree = "<group>"; };
		A07498442128C84D006E8916 /* Assets.xcassets */ = {isa = PBXFileReference; lastKnownFileType = folder.assetcatalog; path = Assets.xcassets; sourceTree = "<group>"; };
		A07498472128C84D006E8916 /* Base */ = {isa = PBXFileReference; lastKnownFileType = file.storyboard; name = Base; path = Base.lproj/LaunchScreen.storyboard; sourceTree = "<group>"; };
		A07498492128C84D006E8916 /* Info.plist */ = {isa = PBXFileReference; lastKnownFileType = text.plist.xml; path = Info.plist; sourceTree = "<group>"; };
		A074984F2128CC74006E8916 /* Transit-Bold.ttf */ = {isa = PBXFileReference; lastKnownFileType = file; path = "Transit-Bold.ttf"; sourceTree = "<group>"; };
		A07498522128CCEE006E8916 /* Transit-Normal.ttf */ = {isa = PBXFileReference; lastKnownFileType = file; path = "Transit-Normal.ttf"; sourceTree = "<group>"; };
		A07498542128CD02006E8916 /* Transit-Normal-Italic.ttf */ = {isa = PBXFileReference; lastKnownFileType = file; path = "Transit-Normal-Italic.ttf"; sourceTree = "<group>"; };
		A07498562128CD0F006E8916 /* Transit-Black.ttf */ = {isa = PBXFileReference; lastKnownFileType = file; path = "Transit-Black.ttf"; sourceTree = "<group>"; };
		A07498582128CD1B006E8916 /* Transit-Bold-Italic.ttf */ = {isa = PBXFileReference; lastKnownFileType = file; path = "Transit-Bold-Italic.ttf"; sourceTree = "<group>"; };
		A074985B2128DEC6006E8916 /* StartViewController.swift */ = {isa = PBXFileReference; lastKnownFileType = sourcecode.swift; path = StartViewController.swift; sourceTree = "<group>"; };
		A074985F2128DF22006E8916 /* ChooseViewController.swift */ = {isa = PBXFileReference; lastKnownFileType = sourcecode.swift; path = ChooseViewController.swift; sourceTree = "<group>"; };
		A07498612128DF2E006E8916 /* ResultViewController.swift */ = {isa = PBXFileReference; lastKnownFileType = sourcecode.swift; path = ResultViewController.swift; sourceTree = "<group>"; };
		A07498632128DF35006E8916 /* EndViewController.swift */ = {isa = PBXFileReference; lastKnownFileType = sourcecode.swift; path = EndViewController.swift; sourceTree = "<group>"; };
		A074988F2128E5FC006E8916 /* IconData.swift */ = {isa = PBXFileReference; lastKnownFileType = sourcecode.swift; path = IconData.swift; sourceTree = "<group>"; };
		A07498912128EC4D006E8916 /* FalseViewController.swift */ = {isa = PBXFileReference; lastKnownFileType = sourcecode.swift; path = FalseViewController.swift; sourceTree = "<group>"; };
/* End PBXFileReference section */

/* Begin PBXFrameworksBuildPhase section */
		A07498372128C84D006E8916 /* Frameworks */ = {
			isa = PBXFrameworksBuildPhase;
			buildActionMask = 2147483647;
			files = (
			);
			runOnlyForDeploymentPostprocessing = 0;
		};
/* End PBXFrameworksBuildPhase section */

/* Begin PBXGroup section */
		A07498312128C84D006E8916 = {
			isa = PBXGroup;
			children = (
				A074983C2128C84D006E8916 /* PictoGuessr */,
				A074983B2128C84D006E8916 /* Products */,
			);
			sourceTree = "<group>";
		};
		A074983B2128C84D006E8916 /* Products */ = {
			isa = PBXGroup;
			children = (
				A074983A2128C84D006E8916 /* PictoGuessr.app */,
			);
			name = Products;
			sourceTree = "<group>";
		};
		A074983C2128C84D006E8916 /* PictoGuessr */ = {
			isa = PBXGroup;
			children = (
				A074988E2128E5E7006E8916 /* IconData */,
				A074985A2128DE8C006E8916 /* ViewController */,
				A074983D2128C84D006E8916 /* AppDelegate.swift */,
				A074983F2128C84D006E8916 /* ViewController.swift */,
				A07498412128C84D006E8916 /* Main.storyboard */,
				A07498462128C84D006E8916 /* LaunchScreen.storyboard */,
				A07498492128C84D006E8916 /* Info.plist */,
				A07498442128C84D006E8916 /* Assets.xcassets */,
				A07498512128CCAE006E8916 /* Fonts */,
			);
			path = PictoGuessr;
			sourceTree = "<group>";
		};
		A07498512128CCAE006E8916 /* Fonts */ = {
			isa = PBXGroup;
			children = (
				A07498562128CD0F006E8916 /* Transit-Black.ttf */,
				A07498542128CD02006E8916 /* Transit-Normal-Italic.ttf */,
				A07498522128CCEE006E8916 /* Transit-Normal.ttf */,
				A07498582128CD1B006E8916 /* Transit-Bold-Italic.ttf */,
				A074984F2128CC74006E8916 /* Transit-Bold.ttf */,
			);
			path = Fonts;
			sourceTree = "<group>";
		};
		A074985A2128DE8C006E8916 /* ViewController */ = {
			isa = PBXGroup;
			children = (
				A074985B2128DEC6006E8916 /* StartViewController.swift */,
				A074985F2128DF22006E8916 /* ChooseViewController.swift */,
				A07498612128DF2E006E8916 /* ResultViewController.swift */,
				A07498632128DF35006E8916 /* EndViewController.swift */,
				A07498912128EC4D006E8916 /* FalseViewController.swift */,
			);
			path = ViewController;
			sourceTree = "<group>";
		};
		A074988E2128E5E7006E8916 /* IconData */ = {
			isa = PBXGroup;
			children = (
				A074988F2128E5FC006E8916 /* IconData.swift */,
			);
			path = IconData;
			sourceTree = "<group>";
		};
/* End PBXGroup section */

/* Begin PBXNativeTarget section */
		A07498392128C84D006E8916 /* PictoGuessr */ = {
			isa = PBXNativeTarget;
			buildConfigurationList = A074984C2128C84D006E8916 /* Build configuration list for PBXNativeTarget "PictoGuessr" */;
			buildPhases = (
				A07498362128C84D006E8916 /* Sources */,
				A07498372128C84D006E8916 /* Frameworks */,
				A07498382128C84D006E8916 /* Resources */,
			);
			buildRules = (
			);
			dependencies = (
			);
			name = PictoGuessr;
			productName = PictoGuessr;
			productReference = A074983A2128C84D006E8916 /* PictoGuessr.app */;
			productType = "com.apple.product-type.application";
		};
/* End PBXNativeTarget section */

/* Begin PBXProject section */
		A07498322128C84D006E8916 /* Project object */ = {
			isa = PBXProject;
			attributes = {
				LastSwiftUpdateCheck = 0920;
				LastUpgradeCheck = 0920;
				ORGANIZATIONNAME = "Lucas Hoeft";
				TargetAttributes = {
					A07498392128C84D006E8916 = {
						CreatedOnToolsVersion = 9.2;
						ProvisioningStyle = Automatic;
					};
				};
			};
			buildConfigurationList = A07498352128C84D006E8916 /* Build configuration list for PBXProject "PictoGuessr" */;
			compatibilityVersion = "Xcode 8.0";
			developmentRegion = en;
			hasScannedForEncodings = 0;
			knownRegions = (
				en,
				Base,
			);
			mainGroup = A07498312128C84D006E8916;
			productRefGroup = A074983B2128C84D006E8916 /* Products */;
			projectDirPath = "";
			projectRoot = "";
			targets = (
				A07498392128C84D006E8916 /* PictoGuessr */,
			);
		};
/* End PBXProject section */

/* Begin PBXResourcesBuildPhase section */
		A07498382128C84D006E8916 /* Resources */ = {
			isa = PBXResourcesBuildPhase;
			buildActionMask = 2147483647;
			files = (
				A07498502128CC75006E8916 /* Transit-Bold.ttf in Resources */,
				A07498552128CD02006E8916 /* Transit-Normal-Italic.ttf in Resources */,
				A07498482128C84D006E8916 /* LaunchScreen.storyboard in Resources */,
				A07498592128CD1B006E8916 /* Transit-Bold-Italic.ttf in Resources */,
				A07498572128CD0F006E8916 /* Transit-Black.ttf in Resources */,
				A07498532128CCEE006E8916 /* Transit-Normal.ttf in Resources */,
				A07498452128C84D006E8916 /* Assets.xcassets in Resources */,
				A07498432128C84D006E8916 /* Main.storyboard in Resources */,
			);
			runOnlyForDeploymentPostprocessing = 0;
		};
/* End PBXResourcesBuildPhase section */

/* Begin PBXSourcesBuildPhase section */
		A07498362128C84D006E8916 /* Sources */ = {
			isa = PBXSourcesBuildPhase;
			buildActionMask = 2147483647;
			files = (
				A07498642128DF35006E8916 /* EndViewController.swift in Sources */,
				A07498622128DF2E006E8916 /* ResultViewController.swift in Sources */,
				A07498402128C84D006E8916 /* ViewController.swift in Sources */,
				A07498602128DF22006E8916 /* ChooseViewController.swift in Sources */,
				A07498902128E5FC006E8916 /* IconData.swift in Sources */,
				A074983E2128C84D006E8916 /* AppDelegate.swift in Sources */,
				A07498922128EC4D006E8916 /* FalseViewController.swift in Sources */,
				A074985C2128DEC6006E8916 /* StartViewController.swift in Sources */,
			);
			runOnlyForDeploymentPostprocessing = 0;
		};
/* End PBXSourcesBuildPhase section */

/* Begin PBXVariantGroup section */
		A07498412128C84D006E8916 /* Main.storyboard */ = {
			isa = PBXVariantGroup;
			children = (
				A07498422128C84D006E8916 /* Base */,
			);
			name = Main.storyboard;
			sourceTree = "<group>";
		};
		A07498462128C84D006E8916 /* LaunchScreen.storyboard */ = {
			isa = PBXVariantGroup;
			children = (
				A07498472128C84D006E8916 /* Base */,
			);
			name = LaunchScreen.storyboard;
			sourceTree = "<group>";
		};
/* End PBXVariantGroup section */

/* Begin XCBuildConfiguration section */
		A074984A2128C84D006E8916 /* Debug */ = {
			isa = XCBuildConfiguration;
			buildSettings = {
				ALWAYS_SEARCH_USER_PATHS = NO;
				CLANG_ANALYZER_NONNULL = YES;
				CLANG_ANALYZER_NUMBER_OBJECT_CONVERSION = YES_AGGRESSIVE;
				CLANG_CXX_LANGUAGE_STANDARD = "gnu++14";
				CLANG_CXX_LIBRARY = "libc++";
				CLANG_ENABLE_MODULES = YES;
				CLANG_ENABLE_OBJC_ARC = YES;
				CLANG_WARN_BLOCK_CAPTURE_AUTORELEASING = YES;
				CLANG_WARN_BOOL_CONVERSION = YES;
				CLANG_WARN_COMMA = YES;
				CLANG_WARN_CONSTANT_CONVERSION = YES;
				CLANG_WARN_DIRECT_OBJC_ISA_USAGE = YES_ERROR;
				CLANG_WARN_DOCUMENTATION_COMMENTS = YES;
				CLANG_WARN_EMPTY_BODY = YES;
				CLANG_WARN_ENUM_CONVERSION = YES;
				CLANG_WARN_INFINITE_RECURSION = YES;
				CLANG_WARN_INT_CONVERSION = YES;
				CLANG_WARN_NON_LITERAL_NULL_CONVERSION = YES;
				CLANG_WARN_OBJC_LITERAL_CONVERSION = YES;
				CLANG_WARN_OBJC_ROOT_CLASS = YES_ERROR;
				CLANG_WARN_RANGE_LOOP_ANALYSIS = YES;
				CLANG_WARN_STRICT_PROTOTYPES = YES;
				CLANG_WARN_SUSPICIOUS_MOVE = YES;
				CLANG_WARN_UNGUARDED_AVAILABILITY = YES_AGGRESSIVE;
				CLANG_WARN_UNREACHABLE_CODE = YES;
				CLANG_WARN__DUPLICATE_METHOD_MATCH = YES;
				CODE_SIGN_IDENTITY = "iPhone Developer";
				COPY_PHASE_STRIP = NO;
				DEBUG_INFORMATION_FORMAT = dwarf;
				ENABLE_STRICT_OBJC_MSGSEND = YES;
				ENABLE_TESTABILITY = YES;
				GCC_C_LANGUAGE_STANDARD = gnu11;
				GCC_DYNAMIC_NO_PIC = NO;
				GCC_NO_COMMON_BLOCKS = YES;
				GCC_OPTIMIZATION_LEVEL = 0;
				GCC_PREPROCESSOR_DEFINITIONS = (
					"DEBUG=1",
					"$(inherited)",
				);
				GCC_WARN_64_TO_32_BIT_CONVERSION = YES;
				GCC_WARN_ABOUT_RETURN_TYPE = YES_ERROR;
				GCC_WARN_UNDECLARED_SELECTOR = YES;
				GCC_WARN_UNINITIALIZED_AUTOS = YES_AGGRESSIVE;
				GCC_WARN_UNUSED_FUNCTION = YES;
				GCC_WARN_UNUSED_VARIABLE = YES;
				IPHONEOS_DEPLOYMENT_TARGET = 11.2;
				MTL_ENABLE_DEBUG_INFO = YES;
				ONLY_ACTIVE_ARCH = YES;
				SDKROOT = iphoneos;
				SWIFT_ACTIVE_COMPILATION_CONDITIONS = DEBUG;
				SWIFT_OPTIMIZATION_LEVEL = "-Onone";
			};
			name = Debug;
		};
		A074984B2128C84D006E8916 /* Release */ = {
			isa = XCBuildConfiguration;
			buildSettings = {
				ALWAYS_SEARCH_USER_PATHS = NO;
				CLANG_ANALYZER_NONNULL = YES;
				CLANG_ANALYZER_NUMBER_OBJECT_CONVERSION = YES_AGGRESSIVE;
				CLANG_CXX_LANGUAGE_STANDARD = "gnu++14";
				CLANG_CXX_LIBRARY = "libc++";
				CLANG_ENABLE_MODULES = YES;
				CLANG_ENABLE_OBJC_ARC = YES;
				CLANG_WARN_BLOCK_CAPTURE_AUTORELEASING = YES;
				CLANG_WARN_BOOL_CONVERSION = YES;
				CLANG_WARN_COMMA = YES;
				CLANG_WARN_CONSTANT_CONVERSION = YES;
				CLANG_WARN_DIRECT_OBJC_ISA_USAGE = YES_ERROR;
				CLANG_WARN_DOCUMENTATION_COMMENTS = YES;
				CLANG_WARN_EMPTY_BODY = YES;
				CLANG_WARN_ENUM_CONVERSION = YES;
				CLANG_WARN_INFINITE_RECURSION = YES;
				CLANG_WARN_INT_CONVERSION = YES;
				CLANG_WARN_NON_LITERAL_NULL_CONVERSION = YES;
				CLANG_WARN_OBJC_LITERAL_CONVERSION = YES;
				CLANG_WARN_OBJC_ROOT_CLASS = YES_ERROR;
				CLANG_WARN_RANGE_LOOP_ANALYSIS = YES;
				CLANG_WARN_STRICT_PROTOTYPES = YES;
				CLANG_WARN_SUSPICIOUS_MOVE = YES;
				CLANG_WARN_UNGUARDED_AVAILABILITY = YES_AGGRESSIVE;
				CLANG_WARN_UNREACHABLE_CODE = YES;
				CLANG_WARN__DUPLICATE_METHOD_MATCH = YES;
				CODE_SIGN_IDENTITY = "iPhone Developer";
				COPY_PHASE_STRIP = NO;
				DEBUG_INFORMATION_FORMAT = "dwarf-with-dsym";
				ENABLE_NS_ASSERTIONS = NO;
				ENABLE_STRICT_OBJC_MSGSEND = YES;
				GCC_C_LANGUAGE_STANDARD = gnu11;
				GCC_NO_COMMON_BLOCKS = YES;
				GCC_WARN_64_TO_32_BIT_CONVERSION = YES;
				GCC_WARN_ABOUT_RETURN_TYPE = YES_ERROR;
				GCC_WARN_UNDECLARED_SELECTOR = YES;
				GCC_WARN_UNINITIALIZED_AUTOS = YES_AGGRESSIVE;
				GCC_WARN_UNUSED_FUNCTION = YES;
				GCC_WARN_UNUSED_VARIABLE = YES;
				IPHONEOS_DEPLOYMENT_TARGET = 11.2;
				MTL_ENABLE_DEBUG_INFO = NO;
				SDKROOT = iphoneos;
				SWIFT_OPTIMIZATION_LEVEL = "-Owholemodule";
				VALIDATE_PRODUCT = YES;
			};
			name = Release;
		};
		A074984D2128C84D006E8916 /* Debug */ = {
			isa = XCBuildConfiguration;
			buildSettings = {
				ASSETCATALOG_COMPILER_APPICON_NAME = AppIcon;
				CODE_SIGN_STYLE = Automatic;
				DEVELOPMENT_TEAM = WQLQMS3CHU;
				INFOPLIST_FILE = PictoGuessr/Info.plist;
				LD_RUNPATH_SEARCH_PATHS = "$(inherited) @executable_path/Frameworks";
				PRODUCT_BUNDLE_IDENTIFIER = com.lucashoeft.PictoGuessr;
				PRODUCT_NAME = "$(TARGET_NAME)";
				SWIFT_VERSION = 4.0;
				TARGETED_DEVICE_FAMILY = "1,2";
			};
			name = Debug;
		};
		A074984E2128C84D006E8916 /* Release */ = {
			isa = XCBuildConfiguration;
			buildSettings = {
				ASSETCATALOG_COMPILER_APPICON_NAME = AppIcon;
				CODE_SIGN_STYLE = Automatic;
				DEVELOPMENT_TEAM = WQLQMS3CHU;
				INFOPLIST_FILE = PictoGuessr/Info.plist;
				LD_RUNPATH_SEARCH_PATHS = "$(inherited) @executable_path/Frameworks";
				PRODUCT_BUNDLE_IDENTIFIER = com.lucashoeft.PictoGuessr;
				PRODUCT_NAME = "$(TARGET_NAME)";
				SWIFT_VERSION = 4.0;
				TARGETED_DEVICE_FAMILY = "1,2";
			};
			name = Release;
		};
/* End XCBuildConfiguration section */

/* Begin XCConfigurationList section */
		A07498352128C84D006E8916 /* Build configuration list for PBXProject "PictoGuessr" */ = {
			isa = XCConfigurationList;
			buildConfigurations = (
				A074984A2128C84D006E8916 /* Debug */,
				A074984B2128C84D006E8916 /* Release */,
			);
			defaultConfigurationIsVisible = 0;
			defaultConfigurationName = Release;
		};
		A074984C2128C84D006E8916 /* Build configuration list for PBXNativeTarget "PictoGuessr" */ = {
			isa = XCConfigurationList;
			buildConfigurations = (
				A074984D2128C84D006E8916 /* Debug */,
				A074984E2128C84D006E8916 /* Release */,
			);
			defaultConfigurationIsVisible = 0;
			defaultConfigurationName = Release;
		};
/* End XCConfigurationList section */
	};
	rootObject = A07498322128C84D006E8916 /* Project object */;
}
